{
  "name": "videocontext-basic",
  "version": "1.0.0",
  "lockfileVersion": 1,
  "requires": true,
  "dependencies": {
    "regenerator-runtime": {
      "version": "0.11.1",
      "resolved": "https://registry.npmjs.org/regenerator-runtime/-/regenerator-runtime-0.11.1.tgz",
      "integrity": "sha512-MguG95oij0fC3QV3URf4V2SDYGJhJnJGqvIIgdECeODCT98wSWDAJ94SSuVpYQUoTcGUIL6L4yNB7j1DFFHSBg=="
    },
    "videocontext": {
      "version": "0.53.1",
      "resolved": "https://registry.npmjs.org/videocontext/-/videocontext-0.53.1.tgz",
      "integrity": "sha512-G9TRc+MZoqsuNAedXYEKZnkAFR6jHFlS0+HxayXrS9ZeYDkX4H4sd2M2SGDQ4Khv4hlBJJgFoxRsYhxLSsBPSw==",
      "requires": {
        "regenerator-runtime": "^0.11.1"
      }
    }
  }
}
